
Microsoft Visual Studio Solution File, Format Version 12.00
# Visual Studio Version 16
VisualStudioVersion = 16.0.30330.147
MinimumVisualStudioVersion = 10.0.40219.1
Project("{9A19103F-16F7-4668-BE54-9A1E7A4F7556}") = "TestCoreConsole", "TestCoreConsole\TestCoreConsole.csproj", "{FE479586-CD81-4AD0-87BB-4781566D0BEE}"
EndProject
Project("{2150E333-8FDC-42A3-9474-1A3956D46DE8}") = "DBAccess", "DBAccess", "{A512E72A-765D-4E48-8DCE-45D81DD076B8}"
EndProject
Project("{FAE04EC0-301F-11D3-BF4B-00C04F79EFBC}") = "TestDapper", "Orm\TestDapper\TestDapper.csproj", "{ED3D36C8-83F3-4065-A66C-428E3BC8CC85}"
EndProject
Global
	GlobalSection(SolutionConfigurationPlatforms) = preSolution
		Debug|Any CPU = Debug|Any CPU
		Release|Any CPU = Release|Any CPU
	EndGlobalSection
	GlobalSection(ProjectConfigurationPlatforms) = postSolution
		{FE479586-CD81-4AD0-87BB-4781566D0BEE}.Debug|Any CPU.ActiveCfg = Debug|Any CPU
		{FE479586-CD81-4AD0-87BB-4781566D0BEE}.Debug|Any CPU.Build.0 = Debug|Any CPU
		{FE479586-CD81-4AD0-87BB-4781566D0BEE}.Release|Any CPU.ActiveCfg = Release|Any CPU
		{FE479586-CD81-4AD0-87BB-4781566D0BEE}.Release|Any CPU.Build.0 = Release|Any CPU
		{ED3D36C8-83F3-4065-A66C-428E3BC8CC85}.Debug|Any CPU.ActiveCfg = Debug|Any CPU
		{ED3D36C8-83F3-4065-A66C-428E3BC8CC85}.Debug|Any CPU.Build.0 = Debug|Any CPU
		{ED3D36C8-83F3-4065-A66C-428E3BC8CC85}.Release|Any CPU.ActiveCfg = Release|Any CPU
		{ED3D36C8-83F3-4065-A66C-428E3BC8CC85}.Release|Any CPU.Build.0 = Release|Any CPU
	EndGlobalSection
	GlobalSection(SolutionProperties) = preSolution
		HideSolutionNode = FALSE
	EndGlobalSection
	GlobalSection(NestedProjects) = preSolution
		{ED3D36C8-83F3-4065-A66C-428E3BC8CC85} = {A512E72A-765D-4E48-8DCE-45D81DD076B8}
	EndGlobalSection
	GlobalSection(ExtensibilityGlobals) = postSolution
		SolutionGuid = {CC989C17-EC89-4AE6-BA37-E4C5FE796BF2}
	EndGlobalSection
EndGlobal
