
Microsoft Visual Studio Solution File, Format Version 12.00
# Visual Studio Version 16
VisualStudioVersion = 16.0.30330.147
MinimumVisualStudioVersion = 10.0.40219.1
Project("{FAE04EC0-301F-11D3-BF4B-00C04F79EFBC}") = "TestCoreConsole", "TestCoreConsole\TestCoreConsole.csproj", "{FE479586-CD81-4AD0-87BB-4781566D0BEE}"
EndProject
Global
	GlobalSection(SolutionConfigurationPlatforms) = preSolution
		Debug|Any CPU = Debug|Any CPU
		Release|Any CPU = Release|Any CPU
	EndGlobalSection
	GlobalSection(ProjectConfigurationPlatforms) = postSolution
		{FE479586-CD81-4AD0-87BB-4781566D0BEE}.Debug|Any CPU.ActiveCfg = Debug|Any CPU
		{FE479586-CD81-4AD0-87BB-4781566D0BEE}.Debug|Any CPU.Build.0 = Debug|Any CPU
		{FE479586-CD81-4AD0-87BB-4781566D0BEE}.Release|Any CPU.ActiveCfg = Release|Any CPU
		{FE479586-CD81-4AD0-87BB-4781566D0BEE}.Release|Any CPU.Build.0 = Release|Any CPU
	EndGlobalSection
	GlobalSection(SolutionProperties) = preSolution
		HideSolutionNode = FALSE
	EndGlobalSection
	GlobalSection(ExtensibilityGlobals) = postSolution
		SolutionGuid = {CC989C17-EC89-4AE6-BA37-E4C5FE796BF2}
	EndGlobalSection
EndGlobal
